
Microsoft Visual Studio Solution File, Format Version 12.00
# Visual Studio Version 17
VisualStudioVersion = 17.0.31903.59
MinimumVisualStudioVersion = 10.0.40219.1
Project("{2150E333-8FDC-42A3-9474-1A3956D46DE8}") = "Solution Items", "Solution Items", "{02EA681E-C7D8-13C7-8484-4AC65E1B71E8}"
	ProjectSection(SolutionItems) = preProject
		.gitignore = .gitignore
		CLAUDE.md = CLAUDE.md
		CONTRIBUTING.md = CONTRIBUTING.md
		LICENSE = LICENSE
		PLANNING.md = PLANNING.md
		PRD.md = PRD.md
		README.md = README.md
		TASKS.md = TASKS.md
	EndProjectSection
EndProject
Project("{2150E333-8FDC-42A3-9474-1A3956D46DE8}") = "src", "src", "{B8F87A13-74E3-4A67-8062-83E092926B98}"
EndProject
Project("{2150E333-8FDC-42A3-9474-1A3956D46DE8}") = "docs", "docs", "{7AFF243F-904B-4096-89AB-B6F5096CB15A}"
EndProject
Project("{2150E333-8FDC-42A3-9474-1A3956D46DE8}") = "tests", "tests", "{3B78D38B-FEC6-4C49-AB1C-36B6EBA73ACB}"
EndProject
Project("{9A19103F-16F7-4668-BE54-9A1E7A4F7556}") = "Core", "src\Core\Core.csproj", "{A1B2C3D4-E5F6-7890-1234-567890ABCDEF}"
EndProject
Project("{9A19103F-16F7-4668-BE54-9A1E7A4F7556}") = "Validation", "src\Validation\Validation.csproj", "{1BAC0B36-9A38-4AAE-8782-8A92022CEB33}"
EndProject
Project("{9A19103F-16F7-4668-BE54-9A1E7A4F7556}") = "Http", "src\Http\Http.csproj", "{1B0DFCDF-4386-4E46-A697-8D18A3E92B6B}"
EndProject
Project("{9A19103F-16F7-4668-BE54-9A1E7A4F7556}") = "Core.Tests", "tests\Core.Tests\Core.Tests.csproj", "{6913127E-3EBE-42DF-84D6-D7C93D095D95}"
EndProject
Project("{9A19103F-16F7-4668-BE54-9A1E7A4F7556}") = "Validation.Tests", "tests\Validation.Tests\Validation.Tests.csproj", "{2BF84CB1-D781-42D1-BEDF-3BFCC0EDA88D}"
EndProject
Project("{9A19103F-16F7-4668-BE54-9A1E7A4F7556}") = "Http.Tests", "tests\Http.Tests\Http.Tests.csproj", "{C5FAE53D-71FE-4540-9725-4C0FDD28C1DB}"
EndProject
Project("{9A19103F-16F7-4668-BE54-9A1E7A4F7556}") = "Integration.Tests", "tests\Integration.Tests\Integration.Tests.csproj", "{DEEFA777-349D-4812-ADB2-1978735C3055}"
EndProject
Global
	GlobalSection(SolutionConfigurationPlatforms) = preSolution
		Debug|Any CPU = Debug|Any CPU
		Release|Any CPU = Release|Any CPU
	EndGlobalSection
	GlobalSection(ProjectConfigurationPlatforms) = postSolution
		{A1B2C3D4-E5F6-7890-1234-567890ABCDEF}.Debug|Any CPU.ActiveCfg = Debug|Any CPU
		{A1B2C3D4-E5F6-7890-1234-567890ABCDEF}.Debug|Any CPU.Build.0 = Debug|Any CPU
		{A1B2C3D4-E5F6-7890-1234-567890ABCDEF}.Release|Any CPU.ActiveCfg = Release|Any CPU
		{A1B2C3D4-E5F6-7890-1234-567890ABCDEF}.Release|Any CPU.Build.0 = Release|Any CPU
		{1BAC0B36-9A38-4AAE-8782-8A92022CEB33}.Debug|Any CPU.ActiveCfg = Debug|Any CPU
		{1BAC0B36-9A38-4AAE-8782-8A92022CEB33}.Debug|Any CPU.Build.0 = Debug|Any CPU
		{1BAC0B36-9A38-4AAE-8782-8A92022CEB33}.Release|Any CPU.ActiveCfg = Release|Any CPU
		{1BAC0B36-9A38-4AAE-8782-8A92022CEB33}.Release|Any CPU.Build.0 = Release|Any CPU
		{1B0DFCDF-4386-4E46-A697-8D18A3E92B6B}.Debug|Any CPU.ActiveCfg = Debug|Any CPU
		{1B0DFCDF-4386-4E46-A697-8D18A3E92B6B}.Debug|Any CPU.Build.0 = Debug|Any CPU
		{1B0DFCDF-4386-4E46-A697-8D18A3E92B6B}.Release|Any CPU.ActiveCfg = Release|Any CPU
		{1B0DFCDF-4386-4E46-A697-8D18A3E92B6B}.Release|Any CPU.Build.0 = Release|Any CPU
		{6913127E-3EBE-42DF-84D6-D7C93D095D95}.Debug|Any CPU.ActiveCfg = Debug|Any CPU
		{6913127E-3EBE-42DF-84D6-D7C93D095D95}.Debug|Any CPU.Build.0 = Debug|Any CPU
		{6913127E-3EBE-42DF-84D6-D7C93D095D95}.Release|Any CPU.ActiveCfg = Release|Any CPU
		{6913127E-3EBE-42DF-84D6-D7C93D095D95}.Release|Any CPU.Build.0 = Release|Any CPU
		{2BF84CB1-D781-42D1-BEDF-3BFCC0EDA88D}.Debug|Any CPU.ActiveCfg = Debug|Any CPU
		{2BF84CB1-D781-42D1-BEDF-3BFCC0EDA88D}.Debug|Any CPU.Build.0 = Debug|Any CPU
		{2BF84CB1-D781-42D1-BEDF-3BFCC0EDA88D}.Release|Any CPU.ActiveCfg = Release|Any CPU
		{2BF84CB1-D781-42D1-BEDF-3BFCC0EDA88D}.Release|Any CPU.Build.0 = Release|Any CPU
		{C5FAE53D-71FE-4540-9725-4C0FDD28C1DB}.Debug|Any CPU.ActiveCfg = Debug|Any CPU
		{C5FAE53D-71FE-4540-9725-4C0FDD28C1DB}.Debug|Any CPU.Build.0 = Debug|Any CPU
		{C5FAE53D-71FE-4540-9725-4C0FDD28C1DB}.Release|Any CPU.ActiveCfg = Release|Any CPU
		{C5FAE53D-71FE-4540-9725-4C0FDD28C1DB}.Release|Any CPU.Build.0 = Release|Any CPU
		{DEEFA777-349D-4812-ADB2-1978735C3055}.Debug|Any CPU.ActiveCfg = Debug|Any CPU
		{DEEFA777-349D-4812-ADB2-1978735C3055}.Debug|Any CPU.Build.0 = Debug|Any CPU
		{DEEFA777-349D-4812-ADB2-1978735C3055}.Release|Any CPU.ActiveCfg = Release|Any CPU
		{DEEFA777-349D-4812-ADB2-1978735C3055}.Release|Any CPU.Build.0 = Release|Any CPU
	EndGlobalSection
	GlobalSection(SolutionProperties) = preSolution
		HideSolutionNode = FALSE
	EndGlobalSection
	GlobalSection(NestedProjects) = preSolution
		{A1B2C3D4-E5F6-7890-1234-567890ABCDEF} = {B8F87A13-74E3-4A67-8062-83E092926B98}
		{1BAC0B36-9A38-4AAE-8782-8A92022CEB33} = {B8F87A13-74E3-4A67-8062-83E092926B98}
		{1B0DFCDF-4386-4E46-A697-8D18A3E92B6B} = {B8F87A13-74E3-4A67-8062-83E092926B98}
		{6913127E-3EBE-42DF-84D6-D7C93D095D95} = {3B78D38B-FEC6-4C49-AB1C-36B6EBA73ACB}
		{2BF84CB1-D781-42D1-BEDF-3BFCC0EDA88D} = {3B78D38B-FEC6-4C49-AB1C-36B6EBA73ACB}
		{C5FAE53D-71FE-4540-9725-4C0FDD28C1DB} = {3B78D38B-FEC6-4C49-AB1C-36B6EBA73ACB}
		{DEEFA777-349D-4812-ADB2-1978735C3055} = {3B78D38B-FEC6-4C49-AB1C-36B6EBA73ACB}
	EndGlobalSection
	GlobalSection(ExtensibilityGlobals) = postSolution
		SolutionGuid = {FF7B8141-F803-4213-B4E0-85E1911DE4DF}
	EndGlobalSection
EndGlobal
